hash: 8a6b17dc32a097721817d3f5f0957730af1070588642a8e6f584100ce2c67dc0
updated: 2018-06-01T12:01:25.017753-07:00
imports:
- name: github.com/gomicro/ledger
  version: 10eb2e4acf2066492b9af0f7c966d1e1a0894256
- name: github.com/gorilla/context
  version: 08b5f424b9271eedf6f9f0ce86cb9396ed337a42
- name: github.com/gorilla/mux
  version: e3702bed27f0d39777b0b37b664b6280e8ef8fbf
- name: github.com/kelseyhightower/envconfig
  version: f611eb38b3875cc3bd991ca91c51d06446afa14c
testImports: []
