hash: a38f3314189df62da8a3d85028df5a46f7444fa59d6bf59f68f494ced9c8c541
updated: 2018-06-01T15:21:59.10946-07:00
imports:
- name: github.com/gomicro/ledger
  version: 10eb2e4acf2066492b9af0f7c966d1e1a0894256
- name: github.com/gomicro/steward
  version: 7a0e1773597526ba3f32e02dc1fa8df7c5e70fac
- name: github.com/gorilla/context
  version: 08b5f424b9271eedf6f9f0ce86cb9396ed337a42
- name: github.com/gorilla/mux
  version: e3702bed27f0d39777b0b37b664b6280e8ef8fbf
- name: github.com/kelseyhightower/envconfig
  version: f611eb38b3875cc3bd991ca91c51d06446afa14c
testImports: []
